14992548386227341820
zlib-ng 68ab3e2d80253ec5dc3c83691d9ff70477b32cd3
boost 73549ebca677fe6214202a1ab580362b4f80e653
conf f9bf4bd83bf55a2170725707e526cbacc45dcc66
fmt edb385ac526c24bc917ec4a41bb0edb28f0ca59e
doctest 70e8f76437b76dd5e9c0a2eb9b907df190ab71a0
cista ed9ea61e4d3e287546f778729fafb5caca574658
googletest 34a46558609e05865c197f0260ab36daa7cbbb6e
utl 538a11dec577de7238c7640491b3d4e091a33e08
geo 5d99aeb10674a41a82d7c78f850abfd9605bf6e1
libressl 39c1bf084d5c179d7bbce7ba902fffbebff0ee15
net 75611343512242c64a5b3f50f3a660a17298339d
